// !$*UTF8*$!
{
	archiveVersion = 1;
	classes = {
	};
	objectVersion = 46;
	objects = {

/* Begin PBXBuildFile section */
		2BE39DA61D414F0800008D04 /* AppDelegate.swift in Sources */ = {isa = PBXBuildFile; fileRef = 2BE39DA51D414F0800008D04 /* AppDelegate.swift */; };
		2BE39DA81D414F0800008D04 /* ViewController.swift in Sources */ = {isa = PBXBuildFile; fileRef = 2BE39DA71D414F0800008D04 /* ViewController.swift */; };
		2BE39DAB1D414F0800008D04 /* Main.storyboard in Resources */ = {isa = PBXBuildFile; fileRef = 2BE39DA91D414F0800008D04 /* Main.storyboard */; };
		2BE39DAD1D414F0800008D04 /* Assets.xcassets in Resources */ = {isa = PBXBuildFile; fileRef = 2BE39DAC1D414F0800008D04 /* Assets.xcassets */; };
		2BE39DB01D414F0800008D04 /* LaunchScreen.storyboard in Resources */ = {isa = PBXBuildFile; fileRef = 2BE39DAE1D414F0800008D04 /* LaunchScreen.storyboard */; };
		2BE39DBB1D414F0800008D04 /* TicTacToeTests.swift in Sources */ = {isa = PBXBuildFile; fileRef = 2BE39DBA1D414F0800008D04 /* TicTacToeTests.swift */; };
		2BE39DC61D414F0800008D04 /* TicTacToeUITests.swift in Sources */ = {isa = PBXBuildFile; fileRef = 2BE39DC51D414F0800008D04 /* TicTacToeUITests.swift */; };
/* End PBXBuildFile section */

/* Begin PBXContainerItemProxy section */
		2BE39DB71D414F0800008D04 /* PBXContainerItemProxy */ = {
			isa = PBXContainerItemProxy;
			containerPortal = 2BE39D9A1D414F0800008D04 /* Project object */;
			proxyType = 1;
			remoteGlobalIDString = 2BE39DA11D414F0800008D04;
			remoteInfo = TicTacToe;
		};
		2BE39DC21D414F0800008D04 /* PBXContainerItemProxy */ = {
			isa = PBXContainerItemProxy;
			containerPortal = 2BE39D9A1D414F0800008D04 /* Project object */;
			proxyType = 1;
			remoteGlobalIDString = 2BE39DA11D414F0800008D04;
			remoteInfo = TicTacToe;
		};
/* End PBXContainerItemProxy section */

/* Begin PBXFileReference section */
		2BE39DA21D414F0800008D04 /* TicTacToe.app */ = {isa = PBXFileReference; explicitFileType = wrapper.application; includeInIndex = 0; path = TicTacToe.app; sourceTree = BUILT_PRODUCTS_DIR; };
		2BE39DA51D414F0800008D04 /* AppDelegate.swift */ = {isa = PBXFileReference; lastKnownFileType = sourcecode.swift; path = AppDelegate.swift; sourceTree = "<group>"; };
		2BE39DA71D414F0800008D04 /* ViewController.swift */ = {isa = PBXFileReference; lastKnownFileType = sourcecode.swift; path = ViewController.swift; sourceTree = "<group>"; };
		2BE39DAA1D414F0800008D04 /* Base */ = {isa = PBXFileReference; lastKnownFileType = file.storyboard; name = Base; path = Base.lproj/Main.storyboard; sourceTree = "<group>"; };
		2BE39DAC1D414F0800008D04 /* Assets.xcassets */ = {isa = PBXFileReference; lastKnownFileType = folder.assetcatalog; path = Assets.xcassets; sourceTree = "<group>"; };
		2BE39DAF1D414F0800008D04 /* Base */ = {isa = PBXFileReference; lastKnownFileType = file.storyboard; name = Base; path = Base.lproj/LaunchScreen.storyboard; sourceTree = "<group>"; };
		2BE39DB11D414F0800008D04 /* Info.plist */ = {isa = PBXFileReference; lastKnownFileType = text.plist.xml; path = Info.plist; sourceTree = "<group>"; };
		2BE39DB61D414F0800008D04 /* TicTacToeTests.xctest */ = {isa = PBXFileReference; explicitFileType = wrapper.cfbundle; includeInIndex = 0; path = TicTacToeTests.xctest; sourceTree = BUILT_PRODUCTS_DIR; };
		2BE39DBA1D414F0800008D04 /* TicTacToeTests.swift */ = {isa = PBXFileReference; lastKnownFileType = sourcecode.swift; path = TicTacToeTests.swift; sourceTree = "<group>"; };
		2BE39DBC1D414F0800008D04 /* Info.plist */ = {isa = PBXFileReference; lastKnownFileType = text.plist.xml; path = Info.plist; sourceTree = "<group>"; };
		2BE39DC11D414F0800008D04 /* TicTacToeUITests.xctest */ = {isa = PBXFileReference; explicitFileType = wrapper.cfbundle; includeInIndex = 0; path = TicTacToeUITests.xctest; sourceTree = BUILT_PRODUCTS_DIR; };
		2BE39DC51D414F0800008D04 /* TicTacToeUITests.swift */ = {isa = PBXFileReference; lastKnownFileType = sourcecode.swift; path = TicTacToeUITests.swift; sourceTree = "<group>"; };
		2BE39DC71D414F0800008D04 /* Info.plist */ = {isa = PBXFileReference; lastKnownFileType = text.plist.xml; path = Info.plist; sourceTree = "<group>"; };
/* End PBXFileReference section */

/* Begin PBXFrameworksBuildPhase section */
		2BE39D9F1D414F0800008D04 /* Frameworks */ = {
			isa = PBXFrameworksBuildPhase;
			buildActionMask = 2147483647;
			files = (
			);
			runOnlyForDeploymentPostprocessing = 0;
		};
		2BE39DB31D414F0800008D04 /* Frameworks */ = {
			isa = PBXFrameworksBuildPhase;
			buildActionMask = 2147483647;
			files = (
			);
			runOnlyForDeploymentPostprocessing = 0;
		};
		2BE39DBE1D414F0800008D04 /* Frameworks */ = {
			isa = PBXFrameworksBuildPhase;
			buildActionMask = 2147483647;
			files = (
			);
			runOnlyForDeploymentPostprocessing = 0;
		};
/* End PBXFrameworksBuildPhase section */

/* Begin PBXGroup section */
		2BE39D991D414F0800008D04 = {
			isa = PBXGroup;
			children = (
				2BE39DA41D414F0800008D04 /* TicTacToe */,
				2BE39DB91D414F0800008D04 /* TicTacToeTests */,
				2BE39DC41D414F0800008D04 /* TicTacToeUITests */,
				2BE39DA31D414F0800008D04 /* Products */,
			);
			sourceTree = "<group>";
		};
		2BE39DA31D414F0800008D04 /* Products */ = {
			isa = PBXGroup;
			children = (
				2BE39DA21D414F0800008D04 /* TicTacToe.app */,
				2BE39DB61D414F0800008D04 /* TicTacToeTests.xctest */,
				2BE39DC11D414F0800008D04 /* TicTacToeUITests.xctest */,
			);
			name = Products;
			sourceTree = "<group>";
		};
		2BE39DA41D414F0800008D04 /* TicTacToe */ = {
			isa = PBXGroup;
			children = (
				2BE39DA51D414F0800008D04 /* AppDelegate.swift */,
				2BE39DA71D414F0800008D04 /* ViewController.swift */,
				2BE39DA91D414F0800008D04 /* Main.storyboard */,
				2BE39DAC1D414F0800008D04 /* Assets.xcassets */,
				2BE39DAE1D414F0800008D04 /* LaunchScreen.storyboard */,
				2BE39DB11D414F0800008D04 /* Info.plist */,
			);
			path = TicTacToe;
			sourceTree = "<group>";
		};
		2BE39DB91D414F0800008D04 /* TicTacToeTests */ = {
			isa = PBXGroup;
			children = (
				2BE39DBA1D414F0800008D04 /* TicTacToeTests.swift */,
				2BE39DBC1D414F0800008D04 /* Info.plist */,
			);
			path = TicTacToeTests;
			sourceTree = "<group>";
		};
		2BE39DC41D414F0800008D04 /* TicTacToeUITests */ = {
			isa = PBXGroup;
			children = (
				2BE39DC51D414F0800008D04 /* TicTacToeUITests.swift */,
				2BE39DC71D414F0800008D04 /* Info.plist */,
			);
			path = TicTacToeUITests;
			sourceTree = "<group>";
		};
/* End PBXGroup section */

/* Begin PBXNativeTarget section */
		2BE39DA11D414F0800008D04 /* TicTacToe */ = {
			isa = PBXNativeTarget;
			buildConfigurationList = 2BE39DCA1D414F0800008D04 /* Build configuration list for PBXNativeTarget "TicTacToe" */;
			buildPhases = (
				2BE39D9E1D414F0800008D04 /* Sources */,
				2BE39D9F1D414F0800008D04 /* Frameworks */,
				2BE39DA01D414F0800008D04 /* Resources */,
			);
			buildRules = (
			);
			dependencies = (
			);
			name = TicTacToe;
			productName = TicTacToe;
			productReference = 2BE39DA21D414F0800008D04 /* TicTacToe.app */;
			productType = "com.apple.product-type.application";
		};
		2BE39DB51D414F0800008D04 /* TicTacToeTests */ = {
			isa = PBXNativeTarget;
			buildConfigurationList = 2BE39DCD1D414F0800008D04 /* Build configuration list for PBXNativeTarget "TicTacToeTests" */;
			buildPhases = (
				2BE39DB21D414F0800008D04 /* Sources */,
				2BE39DB31D414F0800008D04 /* Frameworks */,
				2BE39DB41D414F0800008D04 /* Resources */,
			);
			buildRules = (
			);
			dependencies = (
				2BE39DB81D414F0800008D04 /* PBXTargetDependency */,
			);
			name = TicTacToeTests;
			productName = TicTacToeTests;
			productReference = 2BE39DB61D414F0800008D04 /* TicTacToeTests.xctest */;
			productType = "com.apple.product-type.bundle.unit-test";
		};
		2BE39DC01D414F0800008D04 /* TicTacToeUITests */ = {
			isa = PBXNativeTarget;
			buildConfigurationList = 2BE39DD01D414F0800008D04 /* Build configuration list for PBXNativeTarget "TicTacToeUITests" */;
			buildPhases = (
				2BE39DBD1D414F0800008D04 /* Sources */,
				2BE39DBE1D414F0800008D04 /* Frameworks */,
				2BE39DBF1D414F0800008D04 /* Resources */,
			);
			buildRules = (
			);
			dependencies = (
				2BE39DC31D414F0800008D04 /* PBXTargetDependency */,
			);
			name = TicTacToeUITests;
			productName = TicTacToeUITests;
			productReference = 2BE39DC11D414F0800008D04 /* TicTacToeUITests.xctest */;
			productType = "com.apple.product-type.bundle.ui-testing";
		};
/* End PBXNativeTarget section */

/* Begin PBXProject section */
		2BE39D9A1D414F0800008D04 /* Project object */ = {
			isa = PBXProject;
			attributes = {
				LastSwiftUpdateCheck = 0730;
				LastUpgradeCheck = 0730;
				ORGANIZATIONNAME = Edward;
				TargetAttributes = {
					2BE39DA11D414F0800008D04 = {
						CreatedOnToolsVersion = 7.3.1;
					};
					2BE39DB51D414F0800008D04 = {
						CreatedOnToolsVersion = 7.3.1;
						TestTargetID = 2BE39DA11D414F0800008D04;
					};
					2BE39DC01D414F0800008D04 = {
						CreatedOnToolsVersion = 7.3.1;
						TestTargetID = 2BE39DA11D414F0800008D04;
					};
				};
			};
			buildConfigurationList = 2BE39D9D1D414F0800008D04 /* Build configuration list for PBXProject "TicTacToe" */;
			compatibilityVersion = "Xcode 3.2";
			developmentRegion = English;
			hasScannedForEncodings = 0;
			knownRegions = (
				en,
				Base,
			);
			mainGroup = 2BE39D991D414F0800008D04;
			productRefGroup = 2BE39DA31D414F0800008D04 /* Products */;
			projectDirPath = "";
			projectRoot = "";
			targets = (
				2BE39DA11D414F0800008D04 /* TicTacToe */,
				2BE39DB51D414F0800008D04 /* TicTacToeTests */,
				2BE39DC01D414F0800008D04 /* TicTacToeUITests */,
			);
		};
/* End PBXProject section */

/* Begin PBXResourcesBuildPhase section */
		2BE39DA01D414F0800008D04 /* Resources */ = {
			isa = PBXResourcesBuildPhase;
			buildActionMask = 2147483647;
			files = (
				2BE39DB01D414F0800008D04 /* LaunchScreen.storyboard in Resources */,
				2BE39DAD1D414F0800008D04 /* Assets.xcassets in Resources */,
				2BE39DAB1D414F0800008D04 /* Main.storyboard in Resources */,
			);
			runOnlyForDeploymentPostprocessing = 0;
		};
		2BE39DB41D414F0800008D04 /* Resources */ = {
			isa = PBXResourcesBuildPhase;
			buildActionMask = 2147483647;
			files = (
			);
			runOnlyForDeploymentPostprocessing = 0;
		};
		2BE39DBF1D414F0800008D04 /* Resources */ = {
			isa = PBXResourcesBuildPhase;
			buildActionMask = 2147483647;
			files = (
			);
			runOnlyForDeploymentPostprocessing = 0;
		};
/* End PBXResourcesBuildPhase section */

/* Begin PBXSourcesBuildPhase section */
		2BE39D9E1D414F0800008D04 /* Sources */ = {
			isa = PBXSourcesBuildPhase;
			buildActionMask = 2147483647;
			files = (
				2BE39DA81D414F0800008D04 /* ViewController.swift in Sources */,
				2BE39DA61D414F0800008D04 /* AppDelegate.swift in Sources */,
			);
			runOnlyForDeploymentPostprocessing = 0;
		};
		2BE39DB21D414F0800008D04 /* Sources */ = {
			isa = PBXSourcesBuildPhase;
			buildActionMask = 2147483647;
			files = (
				2BE39DBB1D414F0800008D04 /* TicTacToeTests.swift in Sources */,
			);
			runOnlyForDeploymentPostprocessing = 0;
		};
		2BE39DBD1D414F0800008D04 /* Sources */ = {
			isa = PBXSourcesBuildPhase;
			buildActionMask = 2147483647;
			files = (
				2BE39DC61D414F0800008D04 /* TicTacToeUITests.swift in Sources */,
			);
			runOnlyForDeploymentPostprocessing = 0;
		};
/* End PBXSourcesBuildPhase section */

/* Begin PBXTargetDependency section */
		2BE39DB81D414F0800008D04 /* PBXTargetDependency */ = {
			isa = PBXTargetDependency;
			target = 2BE39DA11D414F0800008D04 /* TicTacToe */;
			targetProxy = 2BE39DB71D414F0800008D04 /* PBXContainerItemProxy */;
		};
		2BE39DC31D414F0800008D04 /* PBXTargetDependency */ = {
			isa = PBXTargetDependency;
			target = 2BE39DA11D414F0800008D04 /* TicTacToe */;
			targetProxy = 2BE39DC21D414F0800008D04 /* PBXContainerItemProxy */;
		};
/* End PBXTargetDependency section */

/* Begin PBXVariantGroup section */
		2BE39DA91D414F0800008D04 /* Main.storyboard */ = {
			isa = PBXVariantGroup;
			children = (
				2BE39DAA1D414F0800008D04 /* Base */,
			);
			name = Main.storyboard;
			sourceTree = "<group>";
		};
		2BE39DAE1D414F0800008D04 /* LaunchScreen.storyboard */ = {
			isa = PBXVariantGroup;
			children = (
				2BE39DAF1D414F0800008D04 /* Base */,
			);
			name = LaunchScreen.storyboard;
			sourceTree = "<group>";
		};
/* End PBXVariantGroup section */

/* Begin XCBuildConfiguration section */
		2BE39DC81D414F0800008D04 /* Debug */ = {
			isa = XCBuildConfiguration;
			buildSettings = {
				ALWAYS_SEARCH_USER_PATHS = NO;
				CLANG_ANALYZER_NONNULL = YES;
				CLANG_CXX_LANGUAGE_STANDARD = "gnu++0x";
				CLANG_CXX_LIBRARY = "libc++";
				CLANG_ENABLE_MODULES = YES;
				CLANG_ENABLE_OBJC_ARC = YES;
				CLANG_WARN_BOOL_CONVERSION = YES;
				CLANG_WARN_CONSTANT_CONVERSION = YES;
				CLANG_WARN_DIRECT_OBJC_ISA_USAGE = YES_ERROR;
				CLANG_WARN_EMPTY_BODY = YES;
				CLANG_WARN_ENUM_CONVERSION = YES;
				CLANG_WARN_INT_CONVERSION = YES;
				CLANG_WARN_OBJC_ROOT_CLASS = YES_ERROR;
				CLANG_WARN_UNREACHABLE_CODE = YES;
				CLANG_WARN__DUPLICATE_METHOD_MATCH = YES;
				"CODE_SIGN_IDENTITY[sdk=iphoneos*]" = "iPhone Developer";
				COPY_PHASE_STRIP = NO;
				DEBUG_INFORMATION_FORMAT = dwarf;
				ENABLE_STRICT_OBJC_MSGSEND = YES;
				ENABLE_TESTABILITY = YES;
				GCC_C_LANGUAGE_STANDARD = gnu99;
				GCC_DYNAMIC_NO_PIC = NO;
				GCC_NO_COMMON_BLOCKS = YES;
				GCC_OPTIMIZATION_LEVEL = 0;
				GCC_PREPROCESSOR_DEFINITIONS = (
					"DEBUG=1",
					"$(inherited)",
				);
				GCC_WARN_64_TO_32_BIT_CONVERSION = YES;
				GCC_WARN_ABOUT_RETURN_TYPE = YES_ERROR;
				GCC_WARN_UNDECLARED_SELECTOR = YES;
				GCC_WARN_UNINITIALIZED_AUTOS = YES_AGGRESSIVE;
				GCC_WARN_UNUSED_FUNCTION = YES;
				GCC_WARN_UNUSED_VARIABLE = YES;
				IPHONEOS_DEPLOYMENT_TARGET = 9.3;
				MTL_ENABLE_DEBUG_INFO = YES;
				ONLY_ACTIVE_ARCH = YES;
				SDKROOT = iphoneos;
				SWIFT_OPTIMIZATION_LEVEL = "-Onone";
				TARGETED_DEVICE_FAMILY = "1,2";
			};
			name = Debug;
		};
		2BE39DC91D414F0800008D04 /* Release */ = {
			isa = XCBuildConfiguration;
			buildSettings = {
				ALWAYS_SEARCH_USER_PATHS = NO;
				CLANG_ANALYZER_NONNULL = YES;
				CLANG_CXX_LANGUAGE_STANDARD = "gnu++0x";
				CLANG_CXX_LIBRARY = "libc++";
				CLANG_ENABLE_MODULES = YES;
				CLANG_ENABLE_OBJC_ARC = YES;
				CLANG_WARN_BOOL_CONVERSION = YES;
				CLANG_WARN_CONSTANT_CONVERSION = YES;
				CLANG_WARN_DIRECT_OBJC_ISA_USAGE = YES_ERROR;
				CLANG_WARN_EMPTY_BODY = YES;
				CLANG_WARN_ENUM_CONVERSION = YES;
				CLANG_WARN_INT_CONVERSION = YES;
				CLANG_WARN_OBJC_ROOT_CLASS = YES_ERROR;
				CLANG_WARN_UNREACHABLE_CODE = YES;
				CLANG_WARN__DUPLICATE_METHOD_MATCH = YES;
				"CODE_SIGN_IDENTITY[sdk=iphoneos*]" = "iPhone Developer";
				COPY_PHASE_STRIP = NO;
				DEBUG_INFORMATION_FORMAT = "dwarf-with-dsym";
				ENABLE_NS_ASSERTIONS = NO;
				ENABLE_STRICT_OBJC_MSGSEND = YES;
				GCC_C_LANGUAGE_STANDARD = gnu99;
				GCC_NO_COMMON_BLOCKS = YES;
				GCC_WARN_64_TO_32_BIT_CONVERSION = YES;
				GCC_WARN_ABOUT_RETURN_TYPE = YES_ERROR;
				GCC_WARN_UNDECLARED_SELECTOR = YES;
				GCC_WARN_UNINITIALIZED_AUTOS = YES_AGGRESSIVE;
				GCC_WARN_UNUSED_FUNCTION = YES;
				GCC_WARN_UNUSED_VARIABLE = YES;
				IPHONEOS_DEPLOYMENT_TARGET = 9.3;
				MTL_ENABLE_DEBUG_INFO = NO;
				SDKROOT = iphoneos;
				TARGETED_DEVICE_FAMILY = "1,2";
				VALIDATE_PRODUCT = YES;
			};
			name = Release;
		};
		2BE39DCB1D414F0800008D04 /* Debug */ = {
			isa = XCBuildConfiguration;
			buildSettings = {
				ASSETCATALOG_COMPILER_APPICON_NAME = AppIcon;
				INFOPLIST_FILE = TicTacToe/Info.plist;
				LD_RUNPATH_SEARCH_PATHS = "$(inherited) @executable_path/Frameworks";
				PRODUCT_BUNDLE_IDENTIFIER = com.EdwardLu.TicTacToe;
				PRODUCT_NAME = "$(TARGET_NAME)";
			};
			name = Debug;
		};
		2BE39DCC1D414F0800008D04 /* Release */ = {
			isa = XCBuildConfiguration;
			buildSettings = {
				ASSETCATALOG_COMPILER_APPICON_NAME = AppIcon;
				INFOPLIST_FILE = TicTacToe/Info.plist;
				LD_RUNPATH_SEARCH_PATHS = "$(inherited) @executable_path/Frameworks";
				PRODUCT_BUNDLE_IDENTIFIER = com.EdwardLu.TicTacToe;
				PRODUCT_NAME = "$(TARGET_NAME)";
			};
			name = Release;
		};
		2BE39DCE1D414F0800008D04 /* Debug */ = {
			isa = XCBuildConfiguration;
			buildSettings = {
				BUNDLE_LOADER = "$(TEST_HOST)";
				INFOPLIST_FILE = TicTacToeTests/Info.plist;
				LD_RUNPATH_SEARCH_PATHS = "$(inherited) @executable_path/Frameworks @loader_path/Frameworks";
				PRODUCT_BUNDLE_IDENTIFIER = com.EdwardLu.TicTacToeTests;
				PRODUCT_NAME = "$(TARGET_NAME)";
				TEST_HOST = "$(BUILT_PRODUCTS_DIR)/TicTacToe.app/TicTacToe";
			};
			name = Debug;
		};
		2BE39DCF1D414F0800008D04 /* Release */ = {
			isa = XCBuildConfiguration;
			buildSettings = {
				BUNDLE_LOADER = "$(TEST_HOST)";
				INFOPLIST_FILE = TicTacToeTests/Info.plist;
				LD_RUNPATH_SEARCH_PATHS = "$(inherited) @executable_path/Frameworks @loader_path/Frameworks";
				PRODUCT_BUNDLE_IDENTIFIER = com.EdwardLu.TicTacToeTests;
				PRODUCT_NAME = "$(TARGET_NAME)";
				TEST_HOST = "$(BUILT_PRODUCTS_DIR)/TicTacToe.app/TicTacToe";
			};
			name = Release;
		};
		2BE39DD11D414F0800008D04 /* Debug */ = {
			isa = XCBuildConfiguration;
			buildSettings = {
				INFOPLIST_FILE = TicTacToeUITests/Info.plist;
				LD_RUNPATH_SEARCH_PATHS = "$(inherited) @executable_path/Frameworks @loader_path/Frameworks";
				PRODUCT_BUNDLE_IDENTIFIER = com.EdwardLu.TicTacToeUITests;
				PRODUCT_NAME = "$(TARGET_NAME)";
				TEST_TARGET_NAME = TicTacToe;
			};
			name = Debug;
		};
		2BE39DD21D414F0800008D04 /* Release */ = {
			isa = XCBuildConfiguration;
			buildSettings = {
				INFOPLIST_FILE = TicTacToeUITests/Info.plist;
				LD_RUNPATH_SEARCH_PATHS = "$(inherited) @executable_path/Frameworks @loader_path/Frameworks";
				PRODUCT_BUNDLE_IDENTIFIER = com.EdwardLu.TicTacToeUITests;
				PRODUCT_NAME = "$(TARGET_NAME)";
				TEST_TARGET_NAME = TicTacToe;
			};
			name = Release;
		};
/* End XCBuildConfiguration section */

/* Begin XCConfigurationList section */
		2BE39D9D1D414F0800008D04 /* Build configuration list for PBXProject "TicTacToe" */ = {
			isa = XCConfigurationList;
			buildConfigurations = (
				2BE39DC81D414F0800008D04 /* Debug */,
				2BE39DC91D414F0800008D04 /* Release */,
			);
			defaultConfigurationIsVisible = 0;
			defaultConfigurationName = Release;
		};
		2BE39DCA1D414F0800008D04 /* Build configuration list for PBXNativeTarget "TicTacToe" */ = {
			isa = XCConfigurationList;
			buildConfigurations = (
				2BE39DCB1D414F0800008D04 /* Debug */,
				2BE39DCC1D414F0800008D04 /* Release */,
			);
			defaultConfigurationIsVisible = 0;
		};
		2BE39DCD1D414F0800008D04 /* Build configuration list for PBXNativeTarget "TicTacToeTests" */ = {
			isa = XCConfigurationList;
			buildConfigurations = (
				2BE39DCE1D414F0800008D04 /* Debug */,
				2BE39DCF1D414F0800008D04 /* Release */,
			);
			defaultConfigurationIsVisible = 0;
		};
		2BE39DD01D414F0800008D04 /* Build configuration list for PBXNativeTarget "TicTacToeUITests" */ = {
			isa = XCConfigurationList;
			buildConfigurations = (
				2BE39DD11D414F0800008D04 /* Debug */,
				2BE39DD21D414F0800008D04 /* Release */,
			);
			defaultConfigurationIsVisible = 0;
		};
/* End XCConfigurationList section */
	};
	rootObject = 2BE39D9A1D414F0800008D04 /* Project object */;
}
